
Microsoft Visual Studio Solution File, Format Version 12.00
# Visual Studio Version 16
VisualStudioVersion = 16.0.29001.49
MinimumVisualStudioVersion = 10.0.40219.1
Project("{9A19103F-16F7-4668-BE54-9A1E7A4F7556}") = "WebShopDemo", "WebShopDemo.csproj", "{19C0542F-F396-4178-B0D0-3BB60C38E014}"
EndProject
Global
	GlobalSection(SolutionConfigurationPlatforms) = preSolution
		Debug|Any CPU = Debug|Any CPU
		Release|Any CPU = Release|Any CPU
	EndGlobalSection
	GlobalSection(ProjectConfigurationPlatforms) = postSolution
		{19C0542F-F396-4178-B0D0-3BB60C38E014}.Debug|Any CPU.ActiveCfg = Debug|Any CPU
		{19C0542F-F396-4178-B0D0-3BB60C38E014}.Debug|Any CPU.Build.0 = Debug|Any CPU
		{19C0542F-F396-4178-B0D0-3BB60C38E014}.Release|Any CPU.ActiveCfg = Release|Any CPU
		{19C0542F-F396-4178-B0D0-3BB60C38E014}.Release|Any CPU.Build.0 = Release|Any CPU
	EndGlobalSection
	GlobalSection(SolutionProperties) = preSolution
		HideSolutionNode = FALSE
	EndGlobalSection
	GlobalSection(ExtensibilityGlobals) = postSolution
		SolutionGuid = {FCF9B1D6-EE29-4ABA-8EF6-7B705D8A732D}
	EndGlobalSection
EndGlobal
